// !$*UTF8*$!
{
	archiveVersion = 1;
	classes = {
	};
	objectVersion = 50;
	objects = {

/* Begin PBXBuildFile section */
		EB06340A253B176600EAB154 /* AppDelegate.swift in Sources */ = {isa = PBXBuildFile; fileRef = EB063409253B176600EAB154 /* AppDelegate.swift */; };
		EB06340C253B176600EAB154 /* SceneDelegate.swift in Sources */ = {isa = PBXBuildFile; fileRef = EB06340B253B176600EAB154 /* SceneDelegate.swift */; };
		EB063413253B176700EAB154 /* Assets.xcassets in Resources */ = {isa = PBXBuildFile; fileRef = EB063412253B176700EAB154 /* Assets.xcassets */; };
		EB063416253B176700EAB154 /* LaunchScreen.storyboard in Resources */ = {isa = PBXBuildFile; fileRef = EB063414253B176700EAB154 /* LaunchScreen.storyboard */; };
		EB063421253B176700EAB154 /* GithubTests.swift in Sources */ = {isa = PBXBuildFile; fileRef = EB063420253B176700EAB154 /* GithubTests.swift */; };
		EB06342C253B176700EAB154 /* GithubUITests.swift in Sources */ = {isa = PBXBuildFile; fileRef = EB06342B253B176700EAB154 /* GithubUITests.swift */; };
		EB063442253B1CF200EAB154 /* LoginViewController.swift in Sources */ = {isa = PBXBuildFile; fileRef = EB063440253B1CF200EAB154 /* LoginViewController.swift */; };
		EB063443253B1CF200EAB154 /* LoginViewController.xib in Resources */ = {isa = PBXBuildFile; fileRef = EB063441253B1CF200EAB154 /* LoginViewController.xib */; };
		EB06344D253B352300EAB154 /* AppDependeciesContainer.swift in Sources */ = {isa = PBXBuildFile; fileRef = EB06344C253B352300EAB154 /* AppDependeciesContainer.swift */; };
		EB063456253B96C900EAB154 /* OAuthService.swift in Sources */ = {isa = PBXBuildFile; fileRef = EB063455253B96C900EAB154 /* OAuthService.swift */; };
		EB06346B253B986100EAB154 /* LocalOauthClient.swift in Sources */ = {isa = PBXBuildFile; fileRef = EB06346A253B986100EAB154 /* LocalOauthClient.swift */; };
		EB54C17C2557100100DAD52A /* TokenRepository.swift in Sources */ = {isa = PBXBuildFile; fileRef = EB54C17B2557100100DAD52A /* TokenRepository.swift */; };
		EB54C1812557104100DAD52A /* InMemoryTokenRepository.swift in Sources */ = {isa = PBXBuildFile; fileRef = EB54C1802557104100DAD52A /* InMemoryTokenRepository.swift */; };
		EB55684B253C3C4F0078C518 /* DeepLinkHandler.swift in Sources */ = {isa = PBXBuildFile; fileRef = EB55684A253C3C4F0078C518 /* DeepLinkHandler.swift */; };
		EB556850253C3C730078C518 /* DeepLinkTest.swift in Sources */ = {isa = PBXBuildFile; fileRef = EB55684F253C3C730078C518 /* DeepLinkTest.swift */; };
		EB556858253C9B390078C518 /* OAuthServiceTest.swift in Sources */ = {isa = PBXBuildFile; fileRef = EB556857253C9B390078C518 /* OAuthServiceTest.swift */; };
		EBAFB4A6253F77C100528240 /* RemoteOAuthClient.swift in Sources */ = {isa = PBXBuildFile; fileRef = EBAFB4A5253F77C100528240 /* RemoteOAuthClient.swift */; };
		EBB0A94B253CD9E7006BD86A /* HTTPClient.swift in Sources */ = {isa = PBXBuildFile; fileRef = EBB0A949253CD9E7006BD86A /* HTTPClient.swift */; };
		EBB0A94C253CD9E7006BD86A /* HttpRequest.swift in Sources */ = {isa = PBXBuildFile; fileRef = EBB0A94A253CD9E7006BD86A /* HttpRequest.swift */; };
		EBB0A952253CDA49006BD86A /* Encodable.swift in Sources */ = {isa = PBXBuildFile; fileRef = EBB0A951253CDA49006BD86A /* Encodable.swift */; };
		EBB0A95A253CDAA3006BD86A /* TestHelper.swift in Sources */ = {isa = PBXBuildFile; fileRef = EBB0A957253CDAA3006BD86A /* TestHelper.swift */; };
		EBB0A95B253CDAA3006BD86A /* HttpRequestTest.swift in Sources */ = {isa = PBXBuildFile; fileRef = EBB0A958253CDAA3006BD86A /* HttpRequestTest.swift */; };
		EBB0A95C253CDAA3006BD86A /* HttpClientTest.swift in Sources */ = {isa = PBXBuildFile; fileRef = EBB0A959253CDAA3006BD86A /* HttpClientTest.swift */; };
/* End PBXBuildFile section */

/* Begin PBXContainerItemProxy section */
		EB06341D253B176700EAB154 /* PBXContainerItemProxy */ = {
			isa = PBXContainerItemProxy;
			containerPortal = EB0633FE253B176600EAB154 /* Project object */;
			proxyType = 1;
			remoteGlobalIDString = EB063405253B176600EAB154;
			remoteInfo = Github;
		};
		EB063428253B176700EAB154 /* PBXContainerItemProxy */ = {
			isa = PBXContainerItemProxy;
			containerPortal = EB0633FE253B176600EAB154 /* Project object */;
			proxyType = 1;
			remoteGlobalIDString = EB063405253B176600EAB154;
			remoteInfo = Github;
		};
/* End PBXContainerItemProxy section */

/* Begin PBXFileReference section */
		EB063406253B176600EAB154 /* Github.app */ = {isa = PBXFileReference; explicitFileType = wrapper.application; includeInIndex = 0; path = Github.app; sourceTree = BUILT_PRODUCTS_DIR; };
		EB063409253B176600EAB154 /* AppDelegate.swift */ = {isa = PBXFileReference; lastKnownFileType = sourcecode.swift; path = AppDelegate.swift; sourceTree = "<group>"; };
		EB06340B253B176600EAB154 /* SceneDelegate.swift */ = {isa = PBXFileReference; lastKnownFileType = sourcecode.swift; path = SceneDelegate.swift; sourceTree = "<group>"; };
		EB063412253B176700EAB154 /* Assets.xcassets */ = {isa = PBXFileReference; lastKnownFileType = folder.assetcatalog; path = Assets.xcassets; sourceTree = "<group>"; };
		EB063415253B176700EAB154 /* Base */ = {isa = PBXFileReference; lastKnownFileType = file.storyboard; name = Base; path = Base.lproj/LaunchScreen.storyboard; sourceTree = "<group>"; };
		EB063417253B176700EAB154 /* Info.plist */ = {isa = PBXFileReference; lastKnownFileType = text.plist.xml; path = Info.plist; sourceTree = "<group>"; };
		EB06341C253B176700EAB154 /* GithubTests.xctest */ = {isa = PBXFileReference; explicitFileType = wrapper.cfbundle; includeInIndex = 0; path = GithubTests.xctest; sourceTree = BUILT_PRODUCTS_DIR; };
		EB063420253B176700EAB154 /* GithubTests.swift */ = {isa = PBXFileReference; lastKnownFileType = sourcecode.swift; path = GithubTests.swift; sourceTree = "<group>"; };
		EB063422253B176700EAB154 /* Info.plist */ = {isa = PBXFileReference; lastKnownFileType = text.plist.xml; path = Info.plist; sourceTree = "<group>"; };
		EB063427253B176700EAB154 /* GithubUITests.xctest */ = {isa = PBXFileReference; explicitFileType = wrapper.cfbundle; includeInIndex = 0; path = GithubUITests.xctest; sourceTree = BUILT_PRODUCTS_DIR; };
		EB06342B253B176700EAB154 /* GithubUITests.swift */ = {isa = PBXFileReference; lastKnownFileType = sourcecode.swift; path = GithubUITests.swift; sourceTree = "<group>"; };
		EB06342D253B176700EAB154 /* Info.plist */ = {isa = PBXFileReference; lastKnownFileType = text.plist.xml; path = Info.plist; sourceTree = "<group>"; };
		EB063440253B1CF200EAB154 /* LoginViewController.swift */ = {isa = PBXFileReference; lastKnownFileType = sourcecode.swift; path = LoginViewController.swift; sourceTree = "<group>"; };
		EB063441253B1CF200EAB154 /* LoginViewController.xib */ = {isa = PBXFileReference; lastKnownFileType = file.xib; path = LoginViewController.xib; sourceTree = "<group>"; };
		EB06344C253B352300EAB154 /* AppDependeciesContainer.swift */ = {isa = PBXFileReference; lastKnownFileType = sourcecode.swift; path = AppDependeciesContainer.swift; sourceTree = "<group>"; };
		EB063455253B96C900EAB154 /* OAuthService.swift */ = {isa = PBXFileReference; lastKnownFileType = sourcecode.swift; path = OAuthService.swift; sourceTree = "<group>"; };
		EB06346A253B986100EAB154 /* LocalOauthClient.swift */ = {isa = PBXFileReference; lastKnownFileType = sourcecode.swift; path = LocalOauthClient.swift; sourceTree = "<group>"; };
		EB54C17B2557100100DAD52A /* TokenRepository.swift */ = {isa = PBXFileReference; lastKnownFileType = sourcecode.swift; path = TokenRepository.swift; sourceTree = "<group>"; };
		EB54C1802557104100DAD52A /* InMemoryTokenRepository.swift */ = {isa = PBXFileReference; lastKnownFileType = sourcecode.swift; path = InMemoryTokenRepository.swift; sourceTree = "<group>"; };
		EB55684A253C3C4F0078C518 /* DeepLinkHandler.swift */ = {isa = PBXFileReference; lastKnownFileType = sourcecode.swift; path = DeepLinkHandler.swift; sourceTree = "<group>"; };
		EB55684F253C3C730078C518 /* DeepLinkTest.swift */ = {isa = PBXFileReference; lastKnownFileType = sourcecode.swift; path = DeepLinkTest.swift; sourceTree = "<group>"; };
		EB556857253C9B390078C518 /* OAuthServiceTest.swift */ = {isa = PBXFileReference; lastKnownFileType = sourcecode.swift; path = OAuthServiceTest.swift; sourceTree = "<group>"; };
		EBAFB4A5253F77C100528240 /* RemoteOAuthClient.swift */ = {isa = PBXFileReference; lastKnownFileType = sourcecode.swift; path = RemoteOAuthClient.swift; sourceTree = "<group>"; };
		EBB0A949253CD9E7006BD86A /* HTTPClient.swift */ = {isa = PBXFileReference; fileEncoding = 4; lastKnownFileType = sourcecode.swift; path = HTTPClient.swift; sourceTree = "<group>"; };
		EBB0A94A253CD9E7006BD86A /* HttpRequest.swift */ = {isa = PBXFileReference; fileEncoding = 4; lastKnownFileType = sourcecode.swift; path = HttpRequest.swift; sourceTree = "<group>"; };
		EBB0A951253CDA49006BD86A /* Encodable.swift */ = {isa = PBXFileReference; fileEncoding = 4; lastKnownFileType = sourcecode.swift; path = Encodable.swift; sourceTree = "<group>"; };
		EBB0A957253CDAA3006BD86A /* TestHelper.swift */ = {isa = PBXFileReference; fileEncoding = 4; lastKnownFileType = sourcecode.swift; path = TestHelper.swift; sourceTree = "<group>"; };
		EBB0A958253CDAA3006BD86A /* HttpRequestTest.swift */ = {isa = PBXFileReference; fileEncoding = 4; lastKnownFileType = sourcecode.swift; path = HttpRequestTest.swift; sourceTree = "<group>"; };
		EBB0A959253CDAA3006BD86A /* HttpClientTest.swift */ = {isa = PBXFileReference; fileEncoding = 4; lastKnownFileType = sourcecode.swift; path = HttpClientTest.swift; sourceTree = "<group>"; };
/* End PBXFileReference section */

/* Begin PBXFrameworksBuildPhase section */
		EB063403253B176600EAB154 /* Frameworks */ = {
			isa = PBXFrameworksBuildPhase;
			buildActionMask = 2147483647;
			files = (
			);
			runOnlyForDeploymentPostprocessing = 0;
		};
		EB063419253B176700EAB154 /* Frameworks */ = {
			isa = PBXFrameworksBuildPhase;
			buildActionMask = 2147483647;
			files = (
			);
			runOnlyForDeploymentPostprocessing = 0;
		};
		EB063424253B176700EAB154 /* Frameworks */ = {
			isa = PBXFrameworksBuildPhase;
			buildActionMask = 2147483647;
			files = (
			);
			runOnlyForDeploymentPostprocessing = 0;
		};
/* End PBXFrameworksBuildPhase section */

/* Begin PBXGroup section */
		EB0633FD253B176600EAB154 = {
			isa = PBXGroup;
			children = (
				EB063408253B176600EAB154 /* Github */,
				EB06341F253B176700EAB154 /* GithubTests */,
				EB06342A253B176700EAB154 /* GithubUITests */,
				EB063407253B176600EAB154 /* Products */,
			);
			sourceTree = "<group>";
		};
		EB063407253B176600EAB154 /* Products */ = {
			isa = PBXGroup;
			children = (
				EB063406253B176600EAB154 /* Github.app */,
				EB06341C253B176700EAB154 /* GithubTests.xctest */,
				EB063427253B176700EAB154 /* GithubUITests.xctest */,
			);
			name = Products;
			sourceTree = "<group>";
		};
		EB063408253B176600EAB154 /* Github */ = {
			isa = PBXGroup;
			children = (
				EB06343F253B1B4300EAB154 /* UI */,
				EB063454253B96B500EAB154 /* Domain */,
				EB06345D253B973A00EAB154 /* Infrastructure */,
				EB06344B253B34DB00EAB154 /* Dependencies */,
				EBB0A950253CDA33006BD86A /* Extensions */,
				EB06344A253B34BC00EAB154 /* Supporting Files */,
				EB063409253B176600EAB154 /* AppDelegate.swift */,
				EB06340B253B176600EAB154 /* SceneDelegate.swift */,
			);
			path = Github;
			sourceTree = "<group>";
		};
		EB06341F253B176700EAB154 /* GithubTests */ = {
			isa = PBXGroup;
			children = (
				EB556860253C9B440078C518 /* Infrastructure */,
				EB55685C253C9B3D0078C518 /* Domain */,
				EB063420253B176700EAB154 /* GithubTests.swift */,
				EB063422253B176700EAB154 /* Info.plist */,
			);
			path = GithubTests;
			sourceTree = "<group>";
		};
		EB06342A253B176700EAB154 /* GithubUITests */ = {
			isa = PBXGroup;
			children = (
				EB06342B253B176700EAB154 /* GithubUITests.swift */,
				EB06342D253B176700EAB154 /* Info.plist */,
			);
			path = GithubUITests;
			sourceTree = "<group>";
		};
		EB06343F253B1B4300EAB154 /* UI */ = {
			isa = PBXGroup;
			children = (
				EB063440253B1CF200EAB154 /* LoginViewController.swift */,
				EB063441253B1CF200EAB154 /* LoginViewController.xib */,
			);
			path = UI;
			sourceTree = "<group>";
		};
		EB06344A253B34BC00EAB154 /* Supporting Files */ = {
			isa = PBXGroup;
			children = (
				EB063412253B176700EAB154 /* Assets.xcassets */,
				EB063414253B176700EAB154 /* LaunchScreen.storyboard */,
				EB063417253B176700EAB154 /* Info.plist */,
			);
			path = "Supporting Files";
			sourceTree = "<group>";
		};
		EB06344B253B34DB00EAB154 /* Dependencies */ = {
			isa = PBXGroup;
			children = (
				EB06344C253B352300EAB154 /* AppDependeciesContainer.swift */,
			);
			path = Dependencies;
			sourceTree = "<group>";
		};
		EB063454253B96B500EAB154 /* Domain */ = {
			isa = PBXGroup;
			children = (
				EB063455253B96C900EAB154 /* OAuthService.swift */,
				EB54C17B2557100100DAD52A /* TokenRepository.swift */,
			);
			path = Domain;
			sourceTree = "<group>";
		};
		EB06345D253B973A00EAB154 /* Infrastructure */ = {
			isa = PBXGroup;
			children = (
				EBB0A948253CD9D1006BD86A /* Networking */,
				EB06346A253B986100EAB154 /* LocalOauthClient.swift */,
				EB55684A253C3C4F0078C518 /* DeepLinkHandler.swift */,
				EBAFB4A5253F77C100528240 /* RemoteOAuthClient.swift */,
				EB54C1802557104100DAD52A /* InMemoryTokenRepository.swift */,
			);
			path = Infrastructure;
			sourceTree = "<group>";
		};
		EB55685C253C9B3D0078C518 /* Domain */ = {
			isa = PBXGroup;
			children = (
				EB556857253C9B390078C518 /* OAuthServiceTest.swift */,
			);
			path = Domain;
			sourceTree = "<group>";
		};
		EB556860253C9B440078C518 /* Infrastructure */ = {
			isa = PBXGroup;
			children = (
				EBB0A956253CDA8F006BD86A /* Networking */,
				EB55684F253C3C730078C518 /* DeepLinkTest.swift */,
			);
			path = Infrastructure;
			sourceTree = "<group>";
		};
		EBB0A948253CD9D1006BD86A /* Networking */ = {
			isa = PBXGroup;
			children = (
				EBB0A949253CD9E7006BD86A /* HTTPClient.swift */,
				EBB0A94A253CD9E7006BD86A /* HttpRequest.swift */,
			);
			path = Networking;
			sourceTree = "<group>";
		};
		EBB0A950253CDA33006BD86A /* Extensions */ = {
			isa = PBXGroup;
			children = (
				EBB0A951253CDA49006BD86A /* Encodable.swift */,
			);
			path = Extensions;
			sourceTree = "<group>";
		};
		EBB0A956253CDA8F006BD86A /* Networking */ = {
			isa = PBXGroup;
			children = (
				EBB0A959253CDAA3006BD86A /* HttpClientTest.swift */,
				EBB0A958253CDAA3006BD86A /* HttpRequestTest.swift */,
				EBB0A957253CDAA3006BD86A /* TestHelper.swift */,
			);
			path = Networking;
			sourceTree = "<group>";
		};
/* End PBXGroup section */

/* Begin PBXNativeTarget section */
		EB063405253B176600EAB154 /* Github */ = {
			isa = PBXNativeTarget;
			buildConfigurationList = EB063430253B176700EAB154 /* Build configuration list for PBXNativeTarget "Github" */;
			buildPhases = (
				EB063402253B176600EAB154 /* Sources */,
				EB063403253B176600EAB154 /* Frameworks */,
				EB063404253B176600EAB154 /* Resources */,
			);
			buildRules = (
			);
			dependencies = (
			);
			name = Github;
			productName = Github;
			productReference = EB063406253B176600EAB154 /* Github.app */;
			productType = "com.apple.product-type.application";
		};
		EB06341B253B176700EAB154 /* GithubTests */ = {
			isa = PBXNativeTarget;
			buildConfigurationList = EB063433253B176700EAB154 /* Build configuration list for PBXNativeTarget "GithubTests" */;
			buildPhases = (
				EB063418253B176700EAB154 /* Sources */,
				EB063419253B176700EAB154 /* Frameworks */,
				EB06341A253B176700EAB154 /* Resources */,
			);
			buildRules = (
			);
			dependencies = (
				EB06341E253B176700EAB154 /* PBXTargetDependency */,
			);
			name = GithubTests;
			productName = GithubTests;
			productReference = EB06341C253B176700EAB154 /* GithubTests.xctest */;
			productType = "com.apple.product-type.bundle.unit-test";
		};
		EB063426253B176700EAB154 /* GithubUITests */ = {
			isa = PBXNativeTarget;
			buildConfigurationList = EB063436253B176700EAB154 /* Build configuration list for PBXNativeTarget "GithubUITests" */;
			buildPhases = (
				EB063423253B176700EAB154 /* Sources */,
				EB063424253B176700EAB154 /* Frameworks */,
				EB063425253B176700EAB154 /* Resources */,
			);
			buildRules = (
			);
			dependencies = (
				EB063429253B176700EAB154 /* PBXTargetDependency */,
			);
			name = GithubUITests;
			productName = GithubUITests;
			productReference = EB063427253B176700EAB154 /* GithubUITests.xctest */;
			productType = "com.apple.product-type.bundle.ui-testing";
		};
/* End PBXNativeTarget section */

/* Begin PBXProject section */
		EB0633FE253B176600EAB154 /* Project object */ = {
			isa = PBXProject;
			attributes = {
				LastSwiftUpdateCheck = 1200;
				LastUpgradeCheck = 1200;
				TargetAttributes = {
					EB063405253B176600EAB154 = {
						CreatedOnToolsVersion = 12.0.1;
					};
					EB06341B253B176700EAB154 = {
						CreatedOnToolsVersion = 12.0.1;
						TestTargetID = EB063405253B176600EAB154;
					};
					EB063426253B176700EAB154 = {
						CreatedOnToolsVersion = 12.0.1;
						TestTargetID = EB063405253B176600EAB154;
					};
				};
			};
			buildConfigurationList = EB063401253B176600EAB154 /* Build configuration list for PBXProject "Github" */;
			compatibilityVersion = "Xcode 9.3";
			developmentRegion = en;
			hasScannedForEncodings = 0;
			knownRegions = (
				en,
				Base,
			);
			mainGroup = EB0633FD253B176600EAB154;
			productRefGroup = EB063407253B176600EAB154 /* Products */;
			projectDirPath = "";
			projectRoot = "";
			targets = (
				EB063405253B176600EAB154 /* Github */,
				EB06341B253B176700EAB154 /* GithubTests */,
				EB063426253B176700EAB154 /* GithubUITests */,
			);
		};
/* End PBXProject section */

/* Begin PBXResourcesBuildPhase section */
		EB063404253B176600EAB154 /* Resources */ = {
			isa = PBXResourcesBuildPhase;
			buildActionMask = 2147483647;
			files = (
				EB063416253B176700EAB154 /* LaunchScreen.storyboard in Resources */,
				EB063413253B176700EAB154 /* Assets.xcassets in Resources */,
				EB063443253B1CF200EAB154 /* LoginViewController.xib in Resources */,
			);
			runOnlyForDeploymentPostprocessing = 0;
		};
		EB06341A253B176700EAB154 /* Resources */ = {
			isa = PBXResourcesBuildPhase;
			buildActionMask = 2147483647;
			files = (
			);
			runOnlyForDeploymentPostprocessing = 0;
		};
		EB063425253B176700EAB154 /* Resources */ = {
			isa = PBXResourcesBuildPhase;
			buildActionMask = 2147483647;
			files = (
			);
			runOnlyForDeploymentPostprocessing = 0;
		};
/* End PBXResourcesBuildPhase section */

/* Begin PBXSourcesBuildPhase section */
		EB063402253B176600EAB154 /* Sources */ = {
			isa = PBXSourcesBuildPhase;
			buildActionMask = 2147483647;
			files = (
				EB06346B253B986100EAB154 /* LocalOauthClient.swift in Sources */,
				EB063442253B1CF200EAB154 /* LoginViewController.swift in Sources */,
				EBB0A94B253CD9E7006BD86A /* HTTPClient.swift in Sources */,
				EB06344D253B352300EAB154 /* AppDependeciesContainer.swift in Sources */,
				EB063456253B96C900EAB154 /* OAuthService.swift in Sources */,
				EBB0A94C253CD9E7006BD86A /* HttpRequest.swift in Sources */,
				EB54C1812557104100DAD52A /* InMemoryTokenRepository.swift in Sources */,
				EB06340A253B176600EAB154 /* AppDelegate.swift in Sources */,
				EB06340C253B176600EAB154 /* SceneDelegate.swift in Sources */,
				EB55684B253C3C4F0078C518 /* DeepLinkHandler.swift in Sources */,
				EBB0A952253CDA49006BD86A /* Encodable.swift in Sources */,
				EB54C17C2557100100DAD52A /* TokenRepository.swift in Sources */,
				EBAFB4A6253F77C100528240 /* RemoteOAuthClient.swift in Sources */,
			);
			runOnlyForDeploymentPostprocessing = 0;
		};
		EB063418253B176700EAB154 /* Sources */ = {
			isa = PBXSourcesBuildPhase;
			buildActionMask = 2147483647;
			files = (
				EB063421253B176700EAB154 /* GithubTests.swift in Sources */,
				EBB0A95B253CDAA3006BD86A /* HttpRequestTest.swift in Sources */,
				EBB0A95C253CDAA3006BD86A /* HttpClientTest.swift in Sources */,
				EB556850253C3C730078C518 /* DeepLinkTest.swift in Sources */,
				EB556858253C9B390078C518 /* OAuthServiceTest.swift in Sources */,
				EBB0A95A253CDAA3006BD86A /* TestHelper.swift in Sources */,
			);
			runOnlyForDeploymentPostprocessing = 0;
		};
		EB063423253B176700EAB154 /* Sources */ = {
			isa = PBXSourcesBuildPhase;
			buildActionMask = 2147483647;
			files = (
				EB06342C253B176700EAB154 /* GithubUITests.swift in Sources */,
			);
			runOnlyForDeploymentPostprocessing = 0;
		};
/* End PBXSourcesBuildPhase section */

/* Begin PBXTargetDependency section */
		EB06341E253B176700EAB154 /* PBXTargetDependency */ = {
			isa = PBXTargetDependency;
			target = EB063405253B176600EAB154 /* Github */;
			targetProxy = EB06341D253B176700EAB154 /* PBXContainerItemProxy */;
		};
		EB063429253B176700EAB154 /* PBXTargetDependency */ = {
			isa = PBXTargetDependency;
			target = EB063405253B176600EAB154 /* Github */;
			targetProxy = EB063428253B176700EAB154 /* PBXContainerItemProxy */;
		};
/* End PBXTargetDependency section */

/* Begin PBXVariantGroup section */
		EB063414253B176700EAB154 /* LaunchScreen.storyboard */ = {
			isa = PBXVariantGroup;
			children = (
				EB063415253B176700EAB154 /* Base */,
			);
			name = LaunchScreen.storyboard;
			sourceTree = "<group>";
		};
/* End PBXVariantGroup section */

/* Begin XCBuildConfiguration section */
		EB06342E253B176700EAB154 /* Debug */ = {
			isa = XCBuildConfiguration;
			buildSettings = {
				ALWAYS_SEARCH_USER_PATHS = NO;
				CLANG_ANALYZER_NONNULL = YES;
				CLANG_ANALYZER_NUMBER_OBJECT_CONVERSION = YES_AGGRESSIVE;
				CLANG_CXX_LANGUAGE_STANDARD = "gnu++14";
				CLANG_CXX_LIBRARY = "libc++";
				CLANG_ENABLE_MODULES = YES;
				CLANG_ENABLE_OBJC_ARC = YES;
				CLANG_ENABLE_OBJC_WEAK = YES;
				CLANG_WARN_BLOCK_CAPTURE_AUTORELEASING = YES;
				CLANG_WARN_BOOL_CONVERSION = YES;
				CLANG_WARN_COMMA = YES;
				CLANG_WARN_CONSTANT_CONVERSION = YES;
				CLANG_WARN_DEPRECATED_OBJC_IMPLEMENTATIONS = YES;
				CLANG_WARN_DIRECT_OBJC_ISA_USAGE = YES_ERROR;
				CLANG_WARN_DOCUMENTATION_COMMENTS = YES;
				CLANG_WARN_EMPTY_BODY = YES;
				CLANG_WARN_ENUM_CONVERSION = YES;
				CLANG_WARN_INFINITE_RECURSION = YES;
				CLANG_WARN_INT_CONVERSION = YES;
				CLANG_WARN_NON_LITERAL_NULL_CONVERSION = YES;
				CLANG_WARN_OBJC_IMPLICIT_RETAIN_SELF = YES;
				CLANG_WARN_OBJC_LITERAL_CONVERSION = YES;
				CLANG_WARN_OBJC_ROOT_CLASS = YES_ERROR;
				CLANG_WARN_QUOTED_INCLUDE_IN_FRAMEWORK_HEADER = YES;
				CLANG_WARN_RANGE_LOOP_ANALYSIS = YES;
				CLANG_WARN_STRICT_PROTOTYPES = YES;
				CLANG_WARN_SUSPICIOUS_MOVE = YES;
				CLANG_WARN_UNGUARDED_AVAILABILITY = YES_AGGRESSIVE;
				CLANG_WARN_UNREACHABLE_CODE = YES;
				CLANG_WARN__DUPLICATE_METHOD_MATCH = YES;
				COPY_PHASE_STRIP = NO;
				DEBUG_INFORMATION_FORMAT = dwarf;
				ENABLE_STRICT_OBJC_MSGSEND = YES;
				ENABLE_TESTABILITY = YES;
				GCC_C_LANGUAGE_STANDARD = gnu11;
				GCC_DYNAMIC_NO_PIC = NO;
				GCC_NO_COMMON_BLOCKS = YES;
				GCC_OPTIMIZATION_LEVEL = 0;
				GCC_PREPROCESSOR_DEFINITIONS = (
					"DEBUG=1",
					"$(inherited)",
				);
				GCC_WARN_64_TO_32_BIT_CONVERSION = YES;
				GCC_WARN_ABOUT_RETURN_TYPE = YES_ERROR;
				GCC_WARN_UNDECLARED_SELECTOR = YES;
				GCC_WARN_UNINITIALIZED_AUTOS = YES_AGGRESSIVE;
				GCC_WARN_UNUSED_FUNCTION = YES;
				GCC_WARN_UNUSED_VARIABLE = YES;
				IPHONEOS_DEPLOYMENT_TARGET = 14.0;
				MTL_ENABLE_DEBUG_INFO = INCLUDE_SOURCE;
				MTL_FAST_MATH = YES;
				ONLY_ACTIVE_ARCH = YES;
				SDKROOT = iphoneos;
				SWIFT_ACTIVE_COMPILATION_CONDITIONS = DEBUG;
				SWIFT_OPTIMIZATION_LEVEL = "-Onone";
			};
			name = Debug;
		};
		EB06342F253B176700EAB154 /* Release */ = {
			isa = XCBuildConfiguration;
			buildSettings = {
				ALWAYS_SEARCH_USER_PATHS = NO;
				CLANG_ANALYZER_NONNULL = YES;
				CLANG_ANALYZER_NUMBER_OBJECT_CONVERSION = YES_AGGRESSIVE;
				CLANG_CXX_LANGUAGE_STANDARD = "gnu++14";
				CLANG_CXX_LIBRARY = "libc++";
				CLANG_ENABLE_MODULES = YES;
				CLANG_ENABLE_OBJC_ARC = YES;
				CLANG_ENABLE_OBJC_WEAK = YES;
				CLANG_WARN_BLOCK_CAPTURE_AUTORELEASING = YES;
				CLANG_WARN_BOOL_CONVERSION = YES;
				CLANG_WARN_COMMA = YES;
				CLANG_WARN_CONSTANT_CONVERSION = YES;
				CLANG_WARN_DEPRECATED_OBJC_IMPLEMENTATIONS = YES;
				CLANG_WARN_DIRECT_OBJC_ISA_USAGE = YES_ERROR;
				CLANG_WARN_DOCUMENTATION_COMMENTS = YES;
				CLANG_WARN_EMPTY_BODY = YES;
				CLANG_WARN_ENUM_CONVERSION = YES;
				CLANG_WARN_INFINITE_RECURSION = YES;
				CLANG_WARN_INT_CONVERSION = YES;
				CLANG_WARN_NON_LITERAL_NULL_CONVERSION = YES;
				CLANG_WARN_OBJC_IMPLICIT_RETAIN_SELF = YES;
				CLANG_WARN_OBJC_LITERAL_CONVERSION = YES;
				CLANG_WARN_OBJC_ROOT_CLASS = YES_ERROR;
				CLANG_WARN_QUOTED_INCLUDE_IN_FRAMEWORK_HEADER = YES;
				CLANG_WARN_RANGE_LOOP_ANALYSIS = YES;
				CLANG_WARN_STRICT_PROTOTYPES = YES;
				CLANG_WARN_SUSPICIOUS_MOVE = YES;
				CLANG_WARN_UNGUARDED_AVAILABILITY = YES_AGGRESSIVE;
				CLANG_WARN_UNREACHABLE_CODE = YES;
				CLANG_WARN__DUPLICATE_METHOD_MATCH = YES;
				COPY_PHASE_STRIP = NO;
				DEBUG_INFORMATION_FORMAT = "dwarf-with-dsym";
				ENABLE_NS_ASSERTIONS = NO;
				ENABLE_STRICT_OBJC_MSGSEND = YES;
				GCC_C_LANGUAGE_STANDARD = gnu11;
				GCC_NO_COMMON_BLOCKS = YES;
				GCC_WARN_64_TO_32_BIT_CONVERSION = YES;
				GCC_WARN_ABOUT_RETURN_TYPE = YES_ERROR;
				GCC_WARN_UNDECLARED_SELECTOR = YES;
				GCC_WARN_UNINITIALIZED_AUTOS = YES_AGGRESSIVE;
				GCC_WARN_UNUSED_FUNCTION = YES;
				GCC_WARN_UNUSED_VARIABLE = YES;
				IPHONEOS_DEPLOYMENT_TARGET = 14.0;
				MTL_ENABLE_DEBUG_INFO = NO;
				MTL_FAST_MATH = YES;
				SDKROOT = iphoneos;
				SWIFT_COMPILATION_MODE = wholemodule;
				SWIFT_OPTIMIZATION_LEVEL = "-O";
				VALIDATE_PRODUCT = YES;
			};
			name = Release;
		};
		EB063431253B176700EAB154 /* Debug */ = {
			isa = XCBuildConfiguration;
			buildSettings = {
				ASSETCATALOG_COMPILER_APPICON_NAME = AppIcon;
				ASSETCATALOG_COMPILER_GLOBAL_ACCENT_COLOR_NAME = AccentColor;
				CODE_SIGN_STYLE = Automatic;
				INFOPLIST_FILE = "Github/Supporting Files/Info.plist";
				LD_RUNPATH_SEARCH_PATHS = (
					"$(inherited)",
					"@executable_path/Frameworks",
				);
				PRODUCT_BUNDLE_IDENTIFIER = it.iacopo.Github;
				PRODUCT_NAME = "$(TARGET_NAME)";
				SWIFT_VERSION = 5.0;
				TARGETED_DEVICE_FAMILY = "1,2";
			};
			name = Debug;
		};
		EB063432253B176700EAB154 /* Release */ = {
			isa = XCBuildConfiguration;
			buildSettings = {
				ASSETCATALOG_COMPILER_APPICON_NAME = AppIcon;
				ASSETCATALOG_COMPILER_GLOBAL_ACCENT_COLOR_NAME = AccentColor;
				CODE_SIGN_STYLE = Automatic;
				INFOPLIST_FILE = "Github/Supporting Files/Info.plist";
				LD_RUNPATH_SEARCH_PATHS = (
					"$(inherited)",
					"@executable_path/Frameworks",
				);
				PRODUCT_BUNDLE_IDENTIFIER = it.iacopo.Github;
				PRODUCT_NAME = "$(TARGET_NAME)";
				SWIFT_VERSION = 5.0;
				TARGETED_DEVICE_FAMILY = "1,2";
			};
			name = Release;
		};
		EB063434253B176700EAB154 /* Debug */ = {
			isa = XCBuildConfiguration;
			buildSettings = {
				ALWAYS_EMBED_SWIFT_STANDARD_LIBRARIES = YES;
				BUNDLE_LOADER = "$(TEST_HOST)";
				CODE_SIGN_STYLE = Automatic;
				INFOPLIST_FILE = GithubTests/Info.plist;
				IPHONEOS_DEPLOYMENT_TARGET = 14.0;
				LD_RUNPATH_SEARCH_PATHS = (
					"$(inherited)",
					"@executable_path/Frameworks",
					"@loader_path/Frameworks",
				);
				PRODUCT_BUNDLE_IDENTIFIER = it.iacopo.GithubTests;
				PRODUCT_NAME = "$(TARGET_NAME)";
				SWIFT_VERSION = 5.0;
				TARGETED_DEVICE_FAMILY = "1,2";
				TEST_HOST = "$(BUILT_PRODUCTS_DIR)/Github.app/Github";
			};
			name = Debug;
		};
		EB063435253B176700EAB154 /* Release */ = {
			isa = XCBuildConfiguration;
			buildSettings = {
				ALWAYS_EMBED_SWIFT_STANDARD_LIBRARIES = YES;
				BUNDLE_LOADER = "$(TEST_HOST)";
				CODE_SIGN_STYLE = Automatic;
				INFOPLIST_FILE = GithubTests/Info.plist;
				IPHONEOS_DEPLOYMENT_TARGET = 14.0;
				LD_RUNPATH_SEARCH_PATHS = (
					"$(inherited)",
					"@executable_path/Frameworks",
					"@loader_path/Frameworks",
				);
				PRODUCT_BUNDLE_IDENTIFIER = it.iacopo.GithubTests;
				PRODUCT_NAME = "$(TARGET_NAME)";
				SWIFT_VERSION = 5.0;
				TARGETED_DEVICE_FAMILY = "1,2";
				TEST_HOST = "$(BUILT_PRODUCTS_DIR)/Github.app/Github";
			};
			name = Release;
		};
		EB063437253B176700EAB154 /* Debug */ = {
			isa = XCBuildConfiguration;
			buildSettings = {
				ALWAYS_EMBED_SWIFT_STANDARD_LIBRARIES = YES;
				CODE_SIGN_STYLE = Automatic;
				INFOPLIST_FILE = GithubUITests/Info.plist;
				LD_RUNPATH_SEARCH_PATHS = (
					"$(inherited)",
					"@executable_path/Frameworks",
					"@loader_path/Frameworks",
				);
				PRODUCT_BUNDLE_IDENTIFIER = it.iacopo.GithubUITests;
				PRODUCT_NAME = "$(TARGET_NAME)";
				SWIFT_VERSION = 5.0;
				TARGETED_DEVICE_FAMILY = "1,2";
				TEST_TARGET_NAME = Github;
			};
			name = Debug;
		};
		EB063438253B176700EAB154 /* Release */ = {
			isa = XCBuildConfiguration;
			buildSettings = {
				ALWAYS_EMBED_SWIFT_STANDARD_LIBRARIES = YES;
				CODE_SIGN_STYLE = Automatic;
				INFOPLIST_FILE = GithubUITests/Info.plist;
				LD_RUNPATH_SEARCH_PATHS = (
					"$(inherited)",
					"@executable_path/Frameworks",
					"@loader_path/Frameworks",
				);
				PRODUCT_BUNDLE_IDENTIFIER = it.iacopo.GithubUITests;
				PRODUCT_NAME = "$(TARGET_NAME)";
				SWIFT_VERSION = 5.0;
				TARGETED_DEVICE_FAMILY = "1,2";
				TEST_TARGET_NAME = Github;
			};
			name = Release;
		};
/* End XCBuildConfiguration section */

/* Begin XCConfigurationList section */
		EB063401253B176600EAB154 /* Build configuration list for PBXProject "Github" */ = {
			isa = XCConfigurationList;
			buildConfigurations = (
				EB06342E253B176700EAB154 /* Debug */,
				EB06342F253B176700EAB154 /* Release */,
			);
			defaultConfigurationIsVisible = 0;
			defaultConfigurationName = Release;
		};
		EB063430253B176700EAB154 /* Build configuration list for PBXNativeTarget "Github" */ = {
			isa = XCConfigurationList;
			buildConfigurations = (
				EB063431253B176700EAB154 /* Debug */,
				EB063432253B176700EAB154 /* Release */,
			);
			defaultConfigurationIsVisible = 0;
			defaultConfigurationName = Release;
		};
		EB063433253B176700EAB154 /* Build configuration list for PBXNativeTarget "GithubTests" */ = {
			isa = XCConfigurationList;
			buildConfigurations = (
				EB063434253B176700EAB154 /* Debug */,
				EB063435253B176700EAB154 /* Release */,
			);
			defaultConfigurationIsVisible = 0;
			defaultConfigurationName = Release;
		};
		EB063436253B176700EAB154 /* Build configuration list for PBXNativeTarget "GithubUITests" */ = {
			isa = XCConfigurationList;
			buildConfigurations = (
				EB063437253B176700EAB154 /* Debug */,
				EB063438253B176700EAB154 /* Release */,
			);
			defaultConfigurationIsVisible = 0;
			defaultConfigurationName = Release;
		};
/* End XCConfigurationList section */
	};
	rootObject = EB0633FE253B176600EAB154 /* Project object */;
}
